
Microsoft Visual Studio Solution File, Format Version 12.00
# Visual Studio Version 16
VisualStudioVersion = 16.0.29209.62
MinimumVisualStudioVersion = 10.0.40219.1
Project("{888888A0-9F3D-457C-B088-3A5042F75D52}") = "QuickSort", "QuickSort\QuickSort.pyproj", "{E19F6FBE-1D14-4D25-A844-29ACC3701CE9}"
EndProject
Global
	GlobalSection(SolutionConfigurationPlatforms) = preSolution
		Debug|Any CPU = Debug|Any CPU
		Release|Any CPU = Release|Any CPU
	EndGlobalSection
	GlobalSection(ProjectConfigurationPlatforms) = postSolution
		{E19F6FBE-1D14-4D25-A844-29ACC3701CE9}.Debug|Any CPU.ActiveCfg = Debug|Any CPU
		{E19F6FBE-1D14-4D25-A844-29ACC3701CE9}.Release|Any CPU.ActiveCfg = Release|Any CPU
	EndGlobalSection
	GlobalSection(SolutionProperties) = preSolution
		HideSolutionNode = FALSE
	EndGlobalSection
	GlobalSection(ExtensibilityGlobals) = postSolution
		SolutionGuid = {4948470B-F0A3-40F4-A341-78B69390393B}
	EndGlobalSection
EndGlobal
