
Microsoft Visual Studio Solution File, Format Version 12.00
# Visual Studio Version 16
VisualStudioVersion = 16.0.29209.62
MinimumVisualStudioVersion = 10.0.40219.1
Project("{888888A0-9F3D-457C-B088-3A5042F75D52}") = "MergeSort(Сортировка слиянием)", "MergeSort(Сортировка слиянием)\MergeSort(Сортировка слиянием).pyproj", "{3B012393-98D5-40AF-B917-967F5169D3D0}"
EndProject
Global
	GlobalSection(SolutionConfigurationPlatforms) = preSolution
		Debug|Any CPU = Debug|Any CPU
		Release|Any CPU = Release|Any CPU
	EndGlobalSection
	GlobalSection(ProjectConfigurationPlatforms) = postSolution
		{3B012393-98D5-40AF-B917-967F5169D3D0}.Debug|Any CPU.ActiveCfg = Debug|Any CPU
		{3B012393-98D5-40AF-B917-967F5169D3D0}.Release|Any CPU.ActiveCfg = Release|Any CPU
	EndGlobalSection
	GlobalSection(SolutionProperties) = preSolution
		HideSolutionNode = FALSE
	EndGlobalSection
	GlobalSection(ExtensibilityGlobals) = postSolution
		SolutionGuid = {017F1C3A-290C-4499-9494-8AB35CC50EB2}
	EndGlobalSection
EndGlobal
