
Microsoft Visual Studio Solution File, Format Version 12.00
# Visual Studio Version 16
VisualStudioVersion = 16.0.29209.62
MinimumVisualStudioVersion = 10.0.40219.1
Project("{888888A0-9F3D-457C-B088-3A5042F75D52}") = "Разложение числа на простые множители", "Разложение числа на простые множители\Разложение числа на простые множители.pyproj", "{F7CFDCD3-6EC4-4C76-AE90-EF7B1F44A792}"
EndProject
Global
	GlobalSection(SolutionConfigurationPlatforms) = preSolution
		Debug|Any CPU = Debug|Any CPU
		Release|Any CPU = Release|Any CPU
	EndGlobalSection
	GlobalSection(ProjectConfigurationPlatforms) = postSolution
		{F7CFDCD3-6EC4-4C76-AE90-EF7B1F44A792}.Debug|Any CPU.ActiveCfg = Debug|Any CPU
		{F7CFDCD3-6EC4-4C76-AE90-EF7B1F44A792}.Release|Any CPU.ActiveCfg = Release|Any CPU
	EndGlobalSection
	GlobalSection(SolutionProperties) = preSolution
		HideSolutionNode = FALSE
	EndGlobalSection
	GlobalSection(ExtensibilityGlobals) = postSolution
		SolutionGuid = {2F7B50EB-A5FC-4A04-9292-BEBA79080D42}
	EndGlobalSection
EndGlobal
