
Microsoft Visual Studio Solution File, Format Version 12.00
# Visual Studio Version 16
VisualStudioVersion = 16.0.29209.62
MinimumVisualStudioVersion = 10.0.40219.1
Project("{888888A0-9F3D-457C-B088-3A5042F75D52}") = "РешетоЭратосфена", "РешетоЭратосфена\РешетоЭратосфена.pyproj", "{AECC2EB5-499E-4CD1-8271-D115961594E2}"
EndProject
Global
	GlobalSection(SolutionConfigurationPlatforms) = preSolution
		Debug|Any CPU = Debug|Any CPU
		Release|Any CPU = Release|Any CPU
	EndGlobalSection
	GlobalSection(ProjectConfigurationPlatforms) = postSolution
		{AECC2EB5-499E-4CD1-8271-D115961594E2}.Debug|Any CPU.ActiveCfg = Debug|Any CPU
		{AECC2EB5-499E-4CD1-8271-D115961594E2}.Release|Any CPU.ActiveCfg = Release|Any CPU
	EndGlobalSection
	GlobalSection(SolutionProperties) = preSolution
		HideSolutionNode = FALSE
	EndGlobalSection
	GlobalSection(ExtensibilityGlobals) = postSolution
		SolutionGuid = {2A7CF7B7-58C3-4689-B512-8D7A2F1AF477}
	EndGlobalSection
EndGlobal
